
Microsoft Visual Studio Solution File, Format Version 12.00
# Visual Studio Version 17
VisualStudioVersion = 17.0.31903.59
MinimumVisualStudioVersion = 10.0.40219.1
Project("{2150E333-8FDC-42A3-9474-1A3956D46DE8}") = "SRP", "SRP", "{C5B13ECD-9D5B-4BE4-9070-67D1C58D3DA2}"
EndProject
Project("{2150E333-8FDC-42A3-9474-1A3956D46DE8}") = "Before", "Before", "{85235938-2C25-4024-A535-87507F3A7DD3}"
EndProject
Project("{2150E333-8FDC-42A3-9474-1A3956D46DE8}") = "After", "After", "{BBA57729-EBEF-447A-AB26-1B3E02252F83}"
EndProject
Project("{FAE04EC0-301F-11D3-BF4B-00C04F79EFBC}") = "SingleResponsibility", "SRP\Before\SingleResponsibility\SingleResponsibility.csproj", "{19B3C005-B5DC-42D8-BB26-8F727338D199}"
EndProject
Project("{FAE04EC0-301F-11D3-BF4B-00C04F79EFBC}") = "SingleResponsibility.Tests", "SRP\Before\SingleResponsibility.Tests\SingleResponsibility.Tests.csproj", "{1BD144E9-BBCD-4385-BC8D-416DC9C2A865}"
EndProject
Project("{FAE04EC0-301F-11D3-BF4B-00C04F79EFBC}") = "SingleResponsibility", "SRP\After\SingleResponsibility\SingleResponsibility.csproj", "{F7F0E5AA-8162-438C-9FAA-3C151CCB0CF6}"
EndProject
Project("{FAE04EC0-301F-11D3-BF4B-00C04F79EFBC}") = "SingleResponsibility.Tests", "SRP\After\SingleResponsibility.Tests\SingleResponsibility.Tests.csproj", "{ED121C0C-3078-4919-86AE-0F7D7D184176}"
EndProject
Project("{2150E333-8FDC-42A3-9474-1A3956D46DE8}") = "OCP", "OCP", "{33D0C09B-2C60-4FE2-8B2C-F10CCF717F99}"
	ProjectSection(SolutionItems) = preProject
		OCP\README.md = OCP\README.md
	EndProjectSection
EndProject
Project("{2150E333-8FDC-42A3-9474-1A3956D46DE8}") = "Before", "Before", "{AC61B43D-A944-4DED-BD0C-E0941CA0EB7B}"
EndProject
Project("{2150E333-8FDC-42A3-9474-1A3956D46DE8}") = "After", "After", "{78C5515F-C72B-465A-A056-DD03BC5FB94E}"
EndProject
Project("{FAE04EC0-301F-11D3-BF4B-00C04F79EFBC}") = "OpenClosed", "OCP\Before\OpenClosed\OpenClosed.csproj", "{CAAA4CC0-7154-484E-89CF-E38E4177CC69}"
EndProject
Project("{FAE04EC0-301F-11D3-BF4B-00C04F79EFBC}") = "OpenClosed.ConsoleSample", "OCP\Before\OpenClosed.ConsoleSample\OpenClosed.ConsoleSample.csproj", "{0AFFD8C8-49E6-4F0C-AA42-2BB69299F511}"
EndProject
Project("{FAE04EC0-301F-11D3-BF4B-00C04F79EFBC}") = "OpenClosed", "OCP\After\OpenClosed\OpenClosed.csproj", "{3454FF98-F336-48C1-8A6E-943FCEC6F63B}"
EndProject
Project("{FAE04EC0-301F-11D3-BF4B-00C04F79EFBC}") = "OpenClosed.ConsoleSample", "OCP\After\OpenClosed.ConsoleSample\OpenClosed.ConsoleSample.csproj", "{4EAB1ABF-D758-4017-BEE1-B0FF9EF34A42}"
EndProject
Global
	GlobalSection(SolutionConfigurationPlatforms) = preSolution
		Debug|Any CPU = Debug|Any CPU
		Release|Any CPU = Release|Any CPU
	EndGlobalSection
	GlobalSection(SolutionProperties) = preSolution
		HideSolutionNode = FALSE
	EndGlobalSection
	GlobalSection(ProjectConfigurationPlatforms) = postSolution
		{19B3C005-B5DC-42D8-BB26-8F727338D199}.Debug|Any CPU.ActiveCfg = Debug|Any CPU
		{19B3C005-B5DC-42D8-BB26-8F727338D199}.Debug|Any CPU.Build.0 = Debug|Any CPU
		{19B3C005-B5DC-42D8-BB26-8F727338D199}.Release|Any CPU.ActiveCfg = Release|Any CPU
		{19B3C005-B5DC-42D8-BB26-8F727338D199}.Release|Any CPU.Build.0 = Release|Any CPU
		{1BD144E9-BBCD-4385-BC8D-416DC9C2A865}.Debug|Any CPU.ActiveCfg = Debug|Any CPU
		{1BD144E9-BBCD-4385-BC8D-416DC9C2A865}.Debug|Any CPU.Build.0 = Debug|Any CPU
		{1BD144E9-BBCD-4385-BC8D-416DC9C2A865}.Release|Any CPU.ActiveCfg = Release|Any CPU
		{1BD144E9-BBCD-4385-BC8D-416DC9C2A865}.Release|Any CPU.Build.0 = Release|Any CPU
		{F7F0E5AA-8162-438C-9FAA-3C151CCB0CF6}.Debug|Any CPU.ActiveCfg = Debug|Any CPU
		{F7F0E5AA-8162-438C-9FAA-3C151CCB0CF6}.Debug|Any CPU.Build.0 = Debug|Any CPU
		{F7F0E5AA-8162-438C-9FAA-3C151CCB0CF6}.Release|Any CPU.ActiveCfg = Release|Any CPU
		{F7F0E5AA-8162-438C-9FAA-3C151CCB0CF6}.Release|Any CPU.Build.0 = Release|Any CPU
		{ED121C0C-3078-4919-86AE-0F7D7D184176}.Debug|Any CPU.ActiveCfg = Debug|Any CPU
		{ED121C0C-3078-4919-86AE-0F7D7D184176}.Debug|Any CPU.Build.0 = Debug|Any CPU
		{ED121C0C-3078-4919-86AE-0F7D7D184176}.Release|Any CPU.ActiveCfg = Release|Any CPU
		{ED121C0C-3078-4919-86AE-0F7D7D184176}.Release|Any CPU.Build.0 = Release|Any CPU
		{CAAA4CC0-7154-484E-89CF-E38E4177CC69}.Debug|Any CPU.ActiveCfg = Debug|Any CPU
		{CAAA4CC0-7154-484E-89CF-E38E4177CC69}.Debug|Any CPU.Build.0 = Debug|Any CPU
		{CAAA4CC0-7154-484E-89CF-E38E4177CC69}.Release|Any CPU.ActiveCfg = Release|Any CPU
		{CAAA4CC0-7154-484E-89CF-E38E4177CC69}.Release|Any CPU.Build.0 = Release|Any CPU
		{0AFFD8C8-49E6-4F0C-AA42-2BB69299F511}.Debug|Any CPU.ActiveCfg = Debug|Any CPU
		{0AFFD8C8-49E6-4F0C-AA42-2BB69299F511}.Debug|Any CPU.Build.0 = Debug|Any CPU
		{0AFFD8C8-49E6-4F0C-AA42-2BB69299F511}.Release|Any CPU.ActiveCfg = Release|Any CPU
		{0AFFD8C8-49E6-4F0C-AA42-2BB69299F511}.Release|Any CPU.Build.0 = Release|Any CPU
		{3454FF98-F336-48C1-8A6E-943FCEC6F63B}.Debug|Any CPU.ActiveCfg = Debug|Any CPU
		{3454FF98-F336-48C1-8A6E-943FCEC6F63B}.Debug|Any CPU.Build.0 = Debug|Any CPU
		{3454FF98-F336-48C1-8A6E-943FCEC6F63B}.Release|Any CPU.ActiveCfg = Release|Any CPU
		{3454FF98-F336-48C1-8A6E-943FCEC6F63B}.Release|Any CPU.Build.0 = Release|Any CPU
		{4EAB1ABF-D758-4017-BEE1-B0FF9EF34A42}.Debug|Any CPU.ActiveCfg = Debug|Any CPU
		{4EAB1ABF-D758-4017-BEE1-B0FF9EF34A42}.Debug|Any CPU.Build.0 = Debug|Any CPU
		{4EAB1ABF-D758-4017-BEE1-B0FF9EF34A42}.Release|Any CPU.ActiveCfg = Release|Any CPU
		{4EAB1ABF-D758-4017-BEE1-B0FF9EF34A42}.Release|Any CPU.Build.0 = Release|Any CPU
	EndGlobalSection
	GlobalSection(NestedProjects) = preSolution
		{85235938-2C25-4024-A535-87507F3A7DD3} = {C5B13ECD-9D5B-4BE4-9070-67D1C58D3DA2}
		{BBA57729-EBEF-447A-AB26-1B3E02252F83} = {C5B13ECD-9D5B-4BE4-9070-67D1C58D3DA2}
		{19B3C005-B5DC-42D8-BB26-8F727338D199} = {85235938-2C25-4024-A535-87507F3A7DD3}
		{1BD144E9-BBCD-4385-BC8D-416DC9C2A865} = {85235938-2C25-4024-A535-87507F3A7DD3}
		{F7F0E5AA-8162-438C-9FAA-3C151CCB0CF6} = {BBA57729-EBEF-447A-AB26-1B3E02252F83}
		{ED121C0C-3078-4919-86AE-0F7D7D184176} = {BBA57729-EBEF-447A-AB26-1B3E02252F83}
		{AC61B43D-A944-4DED-BD0C-E0941CA0EB7B} = {33D0C09B-2C60-4FE2-8B2C-F10CCF717F99}
		{78C5515F-C72B-465A-A056-DD03BC5FB94E} = {33D0C09B-2C60-4FE2-8B2C-F10CCF717F99}
		{CAAA4CC0-7154-484E-89CF-E38E4177CC69} = {AC61B43D-A944-4DED-BD0C-E0941CA0EB7B}
		{0AFFD8C8-49E6-4F0C-AA42-2BB69299F511} = {AC61B43D-A944-4DED-BD0C-E0941CA0EB7B}
		{3454FF98-F336-48C1-8A6E-943FCEC6F63B} = {78C5515F-C72B-465A-A056-DD03BC5FB94E}
		{4EAB1ABF-D758-4017-BEE1-B0FF9EF34A42} = {78C5515F-C72B-465A-A056-DD03BC5FB94E}
	EndGlobalSection
EndGlobal
